<Solution>
  <Folder Name="/src/" />
  <Folder Name="/src/Application/">
    <Project Path="src/Application/Project.Analytics.Dashboard.Application.csproj" />
  </Folder>
  <Folder Name="/src/Domain/">
    <Project Path="src/Domain/Project.Analytics.Dashboard.Domain.csproj" />
  </Folder>
  <Folder Name="/src/Infrastructure/">
    <Project Path="src/Infrastructure/Project.Analytics.Dashboard.Infrastructure.csproj" />
  </Folder>
  <Folder Name="/src/WebApi/">
    <Project Path="src/WebApi/Project.Analytics.Dashboard.csproj" />
  </Folder>
</Solution>
